
Microsoft Visual Studio Solution File, Format Version 12.00
# Visual Studio Version 16
VisualStudioVersion = 16.0.29613.14
MinimumVisualStudioVersion = 10.0.40219.1
Project("{FAE04EC0-301F-11D3-BF4B-00C04F79EFBC}") = "KrankenHause", "KrankenHause\KrankenHause.csproj", "{AEBF4F3A-07B6-4FFA-8B68-56C48D85153B}"
EndProject
Global
	GlobalSection(SolutionConfigurationPlatforms) = preSolution
		Debug|Any CPU = Debug|Any CPU
		Release|Any CPU = Release|Any CPU
	EndGlobalSection
	GlobalSection(ProjectConfigurationPlatforms) = postSolution
		{AEBF4F3A-07B6-4FFA-8B68-56C48D85153B}.Debug|Any CPU.ActiveCfg = Debug|Any CPU
		{AEBF4F3A-07B6-4FFA-8B68-56C48D85153B}.Debug|Any CPU.Build.0 = Debug|Any CPU
		{AEBF4F3A-07B6-4FFA-8B68-56C48D85153B}.Release|Any CPU.ActiveCfg = Release|Any CPU
		{AEBF4F3A-07B6-4FFA-8B68-56C48D85153B}.Release|Any CPU.Build.0 = Release|Any CPU
	EndGlobalSection
	GlobalSection(SolutionProperties) = preSolution
		HideSolutionNode = FALSE
	EndGlobalSection
	GlobalSection(ExtensibilityGlobals) = postSolution
		SolutionGuid = {B1AD3D4A-2E60-4D60-B989-FCB9EF7B7F9E}
	EndGlobalSection
EndGlobal
